
Microsoft Visual Studio Solution File, Format Version 12.00
# Visual Studio 15
VisualStudioVersion = 15.0.28307.852
MinimumVisualStudioVersion = 10.0.40219.1
Project("{FAE04EC0-301F-11D3-BF4B-00C04F79EFBC}") = "Client_Admin", "Client_Admin\Client_Admin.csproj", "{34324ECF-83A4-4D69-B97F-7F92A99C3DCB}"
EndProject
Global
	GlobalSection(SolutionConfigurationPlatforms) = preSolution
		Debug|Any CPU = Debug|Any CPU
		Release|Any CPU = Release|Any CPU
	EndGlobalSection
	GlobalSection(ProjectConfigurationPlatforms) = postSolution
		{34324ECF-83A4-4D69-B97F-7F92A99C3DCB}.Debug|Any CPU.ActiveCfg = Debug|Any CPU
		{34324ECF-83A4-4D69-B97F-7F92A99C3DCB}.Debug|Any CPU.Build.0 = Debug|Any CPU
		{34324ECF-83A4-4D69-B97F-7F92A99C3DCB}.Release|Any CPU.ActiveCfg = Release|Any CPU
		{34324ECF-83A4-4D69-B97F-7F92A99C3DCB}.Release|Any CPU.Build.0 = Release|Any CPU
	EndGlobalSection
	GlobalSection(SolutionProperties) = preSolution
		HideSolutionNode = FALSE
	EndGlobalSection
	GlobalSection(ExtensibilityGlobals) = postSolution
		SolutionGuid = {C2C45382-4AC2-48E9-8DE5-19719F4DA85B}
	EndGlobalSection
EndGlobal
